
Microsoft Visual Studio Solution File, Format Version 12.00
# Visual Studio Version 16
VisualStudioVersion = 16.0.30225.117
MinimumVisualStudioVersion = 10.0.40219.1
Project("{FAE04EC0-301F-11D3-BF4B-00C04F79EFBC}") = "SignalRChat", "SignalRChat.csproj", "{DADB028C-31B3-486E-96EC-418DD52C53AF}"
EndProject
Global
	GlobalSection(SolutionConfigurationPlatforms) = preSolution
		Debug|Any CPU = Debug|Any CPU
		Release|Any CPU = Release|Any CPU
	EndGlobalSection
	GlobalSection(ProjectConfigurationPlatforms) = postSolution
		{DADB028C-31B3-486E-96EC-418DD52C53AF}.Debug|Any CPU.ActiveCfg = Debug|Any CPU
		{DADB028C-31B3-486E-96EC-418DD52C53AF}.Debug|Any CPU.Build.0 = Debug|Any CPU
		{DADB028C-31B3-486E-96EC-418DD52C53AF}.Release|Any CPU.ActiveCfg = Release|Any CPU
		{DADB028C-31B3-486E-96EC-418DD52C53AF}.Release|Any CPU.Build.0 = Release|Any CPU
	EndGlobalSection
	GlobalSection(SolutionProperties) = preSolution
		HideSolutionNode = FALSE
	EndGlobalSection
	GlobalSection(ExtensibilityGlobals) = postSolution
		SolutionGuid = {F4F75BB8-A9F9-48C1-AB1B-98C76E872530}
	EndGlobalSection
EndGlobal
